
Microsoft Visual Studio Solution File, Format Version 12.00
# Visual Studio 15
VisualStudioVersion = 15.0.28307.271
MinimumVisualStudioVersion = 10.0.40219.1
Project("{9A19103F-16F7-4668-BE54-9A1E7A4F7556}") = "SOLID_Liskov", "SOLID_Liskov\SOLID_Liskov.csproj", "{C8C1433C-33C8-47D1-8325-D278A36D5A73}"
EndProject
Project("{9A19103F-16F7-4668-BE54-9A1E7A4F7556}") = "SOLID_SRP", "SOLID_SRP\SOLID_SRP.csproj", "{64ABDA43-7360-454A-8908-61C4F417F886}"
EndProject
Project("{9A19103F-16F7-4668-BE54-9A1E7A4F7556}") = "SOLID_DIP", "SOLID_DIP\SOLID_DIP.csproj", "{87E59EBA-7699-496C-8497-0A1AB28FD8EC}"
EndProject
Project("{9A19103F-16F7-4668-BE54-9A1E7A4F7556}") = "SOLID_ISP", "SOLID_ISP\SOLID_ISP.csproj", "{373C5750-A5BE-4C8B-8826-191AE331DE52}"
EndProject
Project("{9A19103F-16F7-4668-BE54-9A1E7A4F7556}") = "SOLID_OCP", "SOLID_OCP\SOLID_OCP.csproj", "{AA6023EB-F08B-467D-96EF-3062C6C51CA5}"
EndProject
Project("{9A19103F-16F7-4668-BE54-9A1E7A4F7556}") = "Creational_Singleton", "Creational_Singleton\Creational_Singleton.csproj", "{469E7811-F8EB-47FE-B767-7C7059988F43}"
EndProject
Project("{FAE04EC0-301F-11D3-BF4B-00C04F79EFBC}") = "Structural_Facade", "Structural_Facade\Structural_Facade.csproj", "{87515D40-FAAF-42E9-9E41-0884639F74AF}"
EndProject
Project("{2150E333-8FDC-42A3-9474-1A3956D46DE8}") = "uml", "uml", "{7DC35290-C5FE-4618-A861-14828CFD669D}"
	ProjectSection(SolutionItems) = preProject
		Uml_arows.png = Uml_arows.png
	EndProjectSection
EndProject
Project("{FAE04EC0-301F-11D3-BF4B-00C04F79EFBC}") = "Behavioral_Iterator", "Behavioral_Iterator\Behavioral_Iterator.csproj", "{06F18EB8-3A64-449C-B69D-2B733146ACDF}"
EndProject
Global
	GlobalSection(SolutionConfigurationPlatforms) = preSolution
		Debug|Any CPU = Debug|Any CPU
		Release|Any CPU = Release|Any CPU
	EndGlobalSection
	GlobalSection(ProjectConfigurationPlatforms) = postSolution
		{C8C1433C-33C8-47D1-8325-D278A36D5A73}.Debug|Any CPU.ActiveCfg = Debug|Any CPU
		{C8C1433C-33C8-47D1-8325-D278A36D5A73}.Debug|Any CPU.Build.0 = Debug|Any CPU
		{C8C1433C-33C8-47D1-8325-D278A36D5A73}.Release|Any CPU.ActiveCfg = Release|Any CPU
		{C8C1433C-33C8-47D1-8325-D278A36D5A73}.Release|Any CPU.Build.0 = Release|Any CPU
		{64ABDA43-7360-454A-8908-61C4F417F886}.Debug|Any CPU.ActiveCfg = Debug|Any CPU
		{64ABDA43-7360-454A-8908-61C4F417F886}.Debug|Any CPU.Build.0 = Debug|Any CPU
		{64ABDA43-7360-454A-8908-61C4F417F886}.Release|Any CPU.ActiveCfg = Release|Any CPU
		{64ABDA43-7360-454A-8908-61C4F417F886}.Release|Any CPU.Build.0 = Release|Any CPU
		{87E59EBA-7699-496C-8497-0A1AB28FD8EC}.Debug|Any CPU.ActiveCfg = Debug|Any CPU
		{87E59EBA-7699-496C-8497-0A1AB28FD8EC}.Debug|Any CPU.Build.0 = Debug|Any CPU
		{87E59EBA-7699-496C-8497-0A1AB28FD8EC}.Release|Any CPU.ActiveCfg = Release|Any CPU
		{87E59EBA-7699-496C-8497-0A1AB28FD8EC}.Release|Any CPU.Build.0 = Release|Any CPU
		{373C5750-A5BE-4C8B-8826-191AE331DE52}.Debug|Any CPU.ActiveCfg = Debug|Any CPU
		{373C5750-A5BE-4C8B-8826-191AE331DE52}.Debug|Any CPU.Build.0 = Debug|Any CPU
		{373C5750-A5BE-4C8B-8826-191AE331DE52}.Release|Any CPU.ActiveCfg = Release|Any CPU
		{373C5750-A5BE-4C8B-8826-191AE331DE52}.Release|Any CPU.Build.0 = Release|Any CPU
		{AA6023EB-F08B-467D-96EF-3062C6C51CA5}.Debug|Any CPU.ActiveCfg = Debug|Any CPU
		{AA6023EB-F08B-467D-96EF-3062C6C51CA5}.Debug|Any CPU.Build.0 = Debug|Any CPU
		{AA6023EB-F08B-467D-96EF-3062C6C51CA5}.Release|Any CPU.ActiveCfg = Release|Any CPU
		{AA6023EB-F08B-467D-96EF-3062C6C51CA5}.Release|Any CPU.Build.0 = Release|Any CPU
		{469E7811-F8EB-47FE-B767-7C7059988F43}.Debug|Any CPU.ActiveCfg = Debug|Any CPU
		{469E7811-F8EB-47FE-B767-7C7059988F43}.Debug|Any CPU.Build.0 = Debug|Any CPU
		{469E7811-F8EB-47FE-B767-7C7059988F43}.Release|Any CPU.ActiveCfg = Release|Any CPU
		{469E7811-F8EB-47FE-B767-7C7059988F43}.Release|Any CPU.Build.0 = Release|Any CPU
		{87515D40-FAAF-42E9-9E41-0884639F74AF}.Debug|Any CPU.ActiveCfg = Debug|Any CPU
		{87515D40-FAAF-42E9-9E41-0884639F74AF}.Debug|Any CPU.Build.0 = Debug|Any CPU
		{87515D40-FAAF-42E9-9E41-0884639F74AF}.Release|Any CPU.ActiveCfg = Release|Any CPU
		{87515D40-FAAF-42E9-9E41-0884639F74AF}.Release|Any CPU.Build.0 = Release|Any CPU
		{06F18EB8-3A64-449C-B69D-2B733146ACDF}.Debug|Any CPU.ActiveCfg = Debug|Any CPU
		{06F18EB8-3A64-449C-B69D-2B733146ACDF}.Debug|Any CPU.Build.0 = Debug|Any CPU
		{06F18EB8-3A64-449C-B69D-2B733146ACDF}.Release|Any CPU.ActiveCfg = Release|Any CPU
		{06F18EB8-3A64-449C-B69D-2B733146ACDF}.Release|Any CPU.Build.0 = Release|Any CPU
	EndGlobalSection
	GlobalSection(SolutionProperties) = preSolution
		HideSolutionNode = FALSE
	EndGlobalSection
	GlobalSection(ExtensibilityGlobals) = postSolution
		SolutionGuid = {A180D10E-1361-492A-AF82-F33F1CAD30DA}
	EndGlobalSection
EndGlobal
