
Microsoft Visual Studio Solution File, Format Version 12.00
# Visual Studio Version 16
VisualStudioVersion = 16.0.29519.181
MinimumVisualStudioVersion = 10.0.40219.1
Project("{9A19103F-16F7-4668-BE54-9A1E7A4F7556}") = "SOLID_Liskov", "SOLID_Liskov\SOLID_Liskov.csproj", "{C8C1433C-33C8-47D1-8325-D278A36D5A73}"
EndProject
Project("{9A19103F-16F7-4668-BE54-9A1E7A4F7556}") = "SOLID_SRP", "SOLID_SRP\SOLID_SRP.csproj", "{64ABDA43-7360-454A-8908-61C4F417F886}"
EndProject
Project("{9A19103F-16F7-4668-BE54-9A1E7A4F7556}") = "SOLID_DIP", "SOLID_DIP\SOLID_DIP.csproj", "{87E59EBA-7699-496C-8497-0A1AB28FD8EC}"
EndProject
Project("{9A19103F-16F7-4668-BE54-9A1E7A4F7556}") = "SOLID_ISP", "SOLID_ISP\SOLID_ISP.csproj", "{373C5750-A5BE-4C8B-8826-191AE331DE52}"
EndProject
Project("{9A19103F-16F7-4668-BE54-9A1E7A4F7556}") = "SOLID_OCP", "SOLID_OCP\SOLID_OCP.csproj", "{AA6023EB-F08B-467D-96EF-3062C6C51CA5}"
EndProject
Project("{9A19103F-16F7-4668-BE54-9A1E7A4F7556}") = "GoF_Creational_Singleton", "GoF_Creational_Singleton\GoF_Creational_Singleton.csproj", "{469E7811-F8EB-47FE-B767-7C7059988F43}"
EndProject
Project("{9A19103F-16F7-4668-BE54-9A1E7A4F7556}") = "GoF_Structural_Facade", "GoF_Structural_Facade\GoF_Structural_Facade.csproj", "{87515D40-FAAF-42E9-9E41-0884639F74AF}"
EndProject
Project("{2150E333-8FDC-42A3-9474-1A3956D46DE8}") = "uml", "uml", "{7DC35290-C5FE-4618-A861-14828CFD669D}"
	ProjectSection(SolutionItems) = preProject
		Uml_arows.png = Uml_arows.png
	EndProjectSection
EndProject
Project("{9A19103F-16F7-4668-BE54-9A1E7A4F7556}") = "GoF_Behavioral_Iterator", "GoF_Behavioral_Iterator\GoF_Behavioral_Iterator.csproj", "{06F18EB8-3A64-449C-B69D-2B733146ACDF}"
EndProject
Project("{9A19103F-16F7-4668-BE54-9A1E7A4F7556}") = "Sort_BubbleSort", "Sort_QuickSort\Sort_BubbleSort.csproj", "{C35E0ECB-1045-495C-9B30-4A6218EDAF8D}"
EndProject
Project("{9A19103F-16F7-4668-BE54-9A1E7A4F7556}") = "Fibonacci", "Fibonacci\Fibonacci.csproj", "{13ED824B-3CFF-42DE-AEA1-F090FB1A8EC4}"
EndProject
Project("{9A19103F-16F7-4668-BE54-9A1E7A4F7556}") = "FluentInterface", "FluentInterface\FluentInterface.csproj", "{5CEA2DF1-BDFC-4C49-AD3E-27D7FC9A3A33}"
EndProject
Project("{9A19103F-16F7-4668-BE54-9A1E7A4F7556}") = "GoF_Creational_AbstrFactory", "GoF_Creational_AbstrFactory\GoF_Creational_AbstrFactory.csproj", "{7DE974E5-940F-4B7B-B20E-19D17760CA63}"
EndProject
Project("{9A19103F-16F7-4668-BE54-9A1E7A4F7556}") = "GoF_Creational_Prototype", "GoF_Creational_Prototype\GoF_Creational_Prototype.csproj", "{23FBD82C-6FD5-4695-A28A-6B938D2DCA7F}"
EndProject
Project("{9A19103F-16F7-4668-BE54-9A1E7A4F7556}") = "GoF_Creational_FactoryMethod", "GoF_Creational_FactoryMethod\GoF_Creational_FactoryMethod.csproj", "{07624C42-8999-4514-B526-787C839C2C96}"
EndProject
Project("{9A19103F-16F7-4668-BE54-9A1E7A4F7556}") = "StringManipulation", "StringManipulation\StringManipulation.csproj", "{F22F5D5D-8AE9-4E5E-BEAC-73D34D947A6A}"
EndProject
Project("{FAE04EC0-301F-11D3-BF4B-00C04F79EFBC}") = "DataStructures", "DataStructures\DataStructures.csproj", "{BCAED583-783D-443B-B253-E6AFFF356FE9}"
EndProject
Global
	GlobalSection(SolutionConfigurationPlatforms) = preSolution
		Debug|Any CPU = Debug|Any CPU
		Release|Any CPU = Release|Any CPU
	EndGlobalSection
	GlobalSection(ProjectConfigurationPlatforms) = postSolution
		{C8C1433C-33C8-47D1-8325-D278A36D5A73}.Debug|Any CPU.ActiveCfg = Debug|Any CPU
		{C8C1433C-33C8-47D1-8325-D278A36D5A73}.Debug|Any CPU.Build.0 = Debug|Any CPU
		{C8C1433C-33C8-47D1-8325-D278A36D5A73}.Release|Any CPU.ActiveCfg = Release|Any CPU
		{C8C1433C-33C8-47D1-8325-D278A36D5A73}.Release|Any CPU.Build.0 = Release|Any CPU
		{64ABDA43-7360-454A-8908-61C4F417F886}.Debug|Any CPU.ActiveCfg = Debug|Any CPU
		{64ABDA43-7360-454A-8908-61C4F417F886}.Debug|Any CPU.Build.0 = Debug|Any CPU
		{64ABDA43-7360-454A-8908-61C4F417F886}.Release|Any CPU.ActiveCfg = Release|Any CPU
		{64ABDA43-7360-454A-8908-61C4F417F886}.Release|Any CPU.Build.0 = Release|Any CPU
		{87E59EBA-7699-496C-8497-0A1AB28FD8EC}.Debug|Any CPU.ActiveCfg = Debug|Any CPU
		{87E59EBA-7699-496C-8497-0A1AB28FD8EC}.Debug|Any CPU.Build.0 = Debug|Any CPU
		{87E59EBA-7699-496C-8497-0A1AB28FD8EC}.Release|Any CPU.ActiveCfg = Release|Any CPU
		{87E59EBA-7699-496C-8497-0A1AB28FD8EC}.Release|Any CPU.Build.0 = Release|Any CPU
		{373C5750-A5BE-4C8B-8826-191AE331DE52}.Debug|Any CPU.ActiveCfg = Debug|Any CPU
		{373C5750-A5BE-4C8B-8826-191AE331DE52}.Debug|Any CPU.Build.0 = Debug|Any CPU
		{373C5750-A5BE-4C8B-8826-191AE331DE52}.Release|Any CPU.ActiveCfg = Release|Any CPU
		{373C5750-A5BE-4C8B-8826-191AE331DE52}.Release|Any CPU.Build.0 = Release|Any CPU
		{AA6023EB-F08B-467D-96EF-3062C6C51CA5}.Debug|Any CPU.ActiveCfg = Debug|Any CPU
		{AA6023EB-F08B-467D-96EF-3062C6C51CA5}.Debug|Any CPU.Build.0 = Debug|Any CPU
		{AA6023EB-F08B-467D-96EF-3062C6C51CA5}.Release|Any CPU.ActiveCfg = Release|Any CPU
		{AA6023EB-F08B-467D-96EF-3062C6C51CA5}.Release|Any CPU.Build.0 = Release|Any CPU
		{469E7811-F8EB-47FE-B767-7C7059988F43}.Debug|Any CPU.ActiveCfg = Debug|Any CPU
		{469E7811-F8EB-47FE-B767-7C7059988F43}.Debug|Any CPU.Build.0 = Debug|Any CPU
		{469E7811-F8EB-47FE-B767-7C7059988F43}.Release|Any CPU.ActiveCfg = Release|Any CPU
		{469E7811-F8EB-47FE-B767-7C7059988F43}.Release|Any CPU.Build.0 = Release|Any CPU
		{87515D40-FAAF-42E9-9E41-0884639F74AF}.Debug|Any CPU.ActiveCfg = Debug|Any CPU
		{87515D40-FAAF-42E9-9E41-0884639F74AF}.Debug|Any CPU.Build.0 = Debug|Any CPU
		{87515D40-FAAF-42E9-9E41-0884639F74AF}.Release|Any CPU.ActiveCfg = Release|Any CPU
		{87515D40-FAAF-42E9-9E41-0884639F74AF}.Release|Any CPU.Build.0 = Release|Any CPU
		{06F18EB8-3A64-449C-B69D-2B733146ACDF}.Debug|Any CPU.ActiveCfg = Debug|Any CPU
		{06F18EB8-3A64-449C-B69D-2B733146ACDF}.Debug|Any CPU.Build.0 = Debug|Any CPU
		{06F18EB8-3A64-449C-B69D-2B733146ACDF}.Release|Any CPU.ActiveCfg = Release|Any CPU
		{06F18EB8-3A64-449C-B69D-2B733146ACDF}.Release|Any CPU.Build.0 = Release|Any CPU
		{C35E0ECB-1045-495C-9B30-4A6218EDAF8D}.Debug|Any CPU.ActiveCfg = Debug|Any CPU
		{C35E0ECB-1045-495C-9B30-4A6218EDAF8D}.Debug|Any CPU.Build.0 = Debug|Any CPU
		{C35E0ECB-1045-495C-9B30-4A6218EDAF8D}.Release|Any CPU.ActiveCfg = Release|Any CPU
		{C35E0ECB-1045-495C-9B30-4A6218EDAF8D}.Release|Any CPU.Build.0 = Release|Any CPU
		{13ED824B-3CFF-42DE-AEA1-F090FB1A8EC4}.Debug|Any CPU.ActiveCfg = Debug|Any CPU
		{13ED824B-3CFF-42DE-AEA1-F090FB1A8EC4}.Debug|Any CPU.Build.0 = Debug|Any CPU
		{13ED824B-3CFF-42DE-AEA1-F090FB1A8EC4}.Release|Any CPU.ActiveCfg = Release|Any CPU
		{13ED824B-3CFF-42DE-AEA1-F090FB1A8EC4}.Release|Any CPU.Build.0 = Release|Any CPU
		{5CEA2DF1-BDFC-4C49-AD3E-27D7FC9A3A33}.Debug|Any CPU.ActiveCfg = Debug|Any CPU
		{5CEA2DF1-BDFC-4C49-AD3E-27D7FC9A3A33}.Debug|Any CPU.Build.0 = Debug|Any CPU
		{5CEA2DF1-BDFC-4C49-AD3E-27D7FC9A3A33}.Release|Any CPU.ActiveCfg = Release|Any CPU
		{5CEA2DF1-BDFC-4C49-AD3E-27D7FC9A3A33}.Release|Any CPU.Build.0 = Release|Any CPU
		{7DE974E5-940F-4B7B-B20E-19D17760CA63}.Debug|Any CPU.ActiveCfg = Debug|Any CPU
		{7DE974E5-940F-4B7B-B20E-19D17760CA63}.Debug|Any CPU.Build.0 = Debug|Any CPU
		{7DE974E5-940F-4B7B-B20E-19D17760CA63}.Release|Any CPU.ActiveCfg = Release|Any CPU
		{7DE974E5-940F-4B7B-B20E-19D17760CA63}.Release|Any CPU.Build.0 = Release|Any CPU
		{23FBD82C-6FD5-4695-A28A-6B938D2DCA7F}.Debug|Any CPU.ActiveCfg = Debug|Any CPU
		{23FBD82C-6FD5-4695-A28A-6B938D2DCA7F}.Debug|Any CPU.Build.0 = Debug|Any CPU
		{23FBD82C-6FD5-4695-A28A-6B938D2DCA7F}.Release|Any CPU.ActiveCfg = Release|Any CPU
		{23FBD82C-6FD5-4695-A28A-6B938D2DCA7F}.Release|Any CPU.Build.0 = Release|Any CPU
		{07624C42-8999-4514-B526-787C839C2C96}.Debug|Any CPU.ActiveCfg = Debug|Any CPU
		{07624C42-8999-4514-B526-787C839C2C96}.Debug|Any CPU.Build.0 = Debug|Any CPU
		{07624C42-8999-4514-B526-787C839C2C96}.Release|Any CPU.ActiveCfg = Release|Any CPU
		{07624C42-8999-4514-B526-787C839C2C96}.Release|Any CPU.Build.0 = Release|Any CPU
		{F22F5D5D-8AE9-4E5E-BEAC-73D34D947A6A}.Debug|Any CPU.ActiveCfg = Debug|Any CPU
		{F22F5D5D-8AE9-4E5E-BEAC-73D34D947A6A}.Debug|Any CPU.Build.0 = Debug|Any CPU
		{F22F5D5D-8AE9-4E5E-BEAC-73D34D947A6A}.Release|Any CPU.ActiveCfg = Release|Any CPU
		{F22F5D5D-8AE9-4E5E-BEAC-73D34D947A6A}.Release|Any CPU.Build.0 = Release|Any CPU
		{BCAED583-783D-443B-B253-E6AFFF356FE9}.Debug|Any CPU.ActiveCfg = Debug|Any CPU
		{BCAED583-783D-443B-B253-E6AFFF356FE9}.Debug|Any CPU.Build.0 = Debug|Any CPU
		{BCAED583-783D-443B-B253-E6AFFF356FE9}.Release|Any CPU.ActiveCfg = Release|Any CPU
		{BCAED583-783D-443B-B253-E6AFFF356FE9}.Release|Any CPU.Build.0 = Release|Any CPU
	EndGlobalSection
	GlobalSection(SolutionProperties) = preSolution
		HideSolutionNode = FALSE
	EndGlobalSection
	GlobalSection(ExtensibilityGlobals) = postSolution
		SolutionGuid = {A180D10E-1361-492A-AF82-F33F1CAD30DA}
	EndGlobalSection
EndGlobal
